// !$*UTF8*$!
{
	archiveVersion = 1;
	classes = {
	};
	objectVersion = 50;
	objects = {

/* Begin PBXBuildFile section */
		54C80A522308365700C136CA /* PuzzleLoader.swift in Sources */ = {isa = PBXBuildFile; fileRef = 54C80A502308365700C136CA /* PuzzleLoader.swift */; };
		54C80A532308365700C136CA /* puzzle1.json in Resources */ = {isa = PBXBuildFile; fileRef = 54C80A512308365700C136CA /* puzzle1.json */; };
		54C80A552308366D00C136CA /* KakuroPuzzleData.swift in Sources */ = {isa = PBXBuildFile; fileRef = 54C80A542308366D00C136CA /* KakuroPuzzleData.swift */; };
		54C80A57230C268B00C136CA /* KakuroPuzzle.swift in Sources */ = {isa = PBXBuildFile; fileRef = 54C80A56230C268B00C136CA /* KakuroPuzzle.swift */; };
		634D358F230C7A5800565DC3 /* InputSquare.swift in Sources */ = {isa = PBXBuildFile; fileRef = 634D358E230C7A5800565DC3 /* InputSquare.swift */; };
		6353EE69230C4C3600E12F05 /* ClueEdge.swift in Sources */ = {isa = PBXBuildFile; fileRef = 6353EE68230C4C3600E12F05 /* ClueEdge.swift */; };
		63995592230B832E0046809C /* EmptyEdge.swift in Sources */ = {isa = PBXBuildFile; fileRef = 63995591230B832E0046809C /* EmptyEdge.swift */; };
		63E65BB52307435B00B69E6D /* AppDelegate.swift in Sources */ = {isa = PBXBuildFile; fileRef = 63E65BB42307435B00B69E6D /* AppDelegate.swift */; };
		63E65BB72307435B00B69E6D /* SceneDelegate.swift in Sources */ = {isa = PBXBuildFile; fileRef = 63E65BB62307435B00B69E6D /* SceneDelegate.swift */; };
		63E65BB92307435B00B69E6D /* ContentView.swift in Sources */ = {isa = PBXBuildFile; fileRef = 63E65BB82307435B00B69E6D /* ContentView.swift */; };
		63E65BBB2307435C00B69E6D /* Assets.xcassets in Resources */ = {isa = PBXBuildFile; fileRef = 63E65BBA2307435C00B69E6D /* Assets.xcassets */; };
		63E65BBE2307435C00B69E6D /* Preview Assets.xcassets in Resources */ = {isa = PBXBuildFile; fileRef = 63E65BBD2307435C00B69E6D /* Preview Assets.xcassets */; };
		63E65BC12307435C00B69E6D /* LaunchScreen.storyboard in Resources */ = {isa = PBXBuildFile; fileRef = 63E65BBF2307435C00B69E6D /* LaunchScreen.storyboard */; };
		8607BB72238B7AE400CFEE9A /* GamecellStore.swift in Sources */ = {isa = PBXBuildFile; fileRef = 8607BB71238B7AE400CFEE9A /* GamecellStore.swift */; };
		8607BB74238B7E6000CFEE9A /* GamecellType.swift in Sources */ = {isa = PBXBuildFile; fileRef = 8607BB73238B7E6000CFEE9A /* GamecellType.swift */; };
		8626F7A52327F68200A2F039 /* NumberInput.swift in Sources */ = {isa = PBXBuildFile; fileRef = 8626F7A42327F68200A2F039 /* NumberInput.swift */; };
		8626F7A72327F6D300A2F039 /* NumberInputBar.swift in Sources */ = {isa = PBXBuildFile; fileRef = 8626F7A62327F6D300A2F039 /* NumberInputBar.swift */; };
		86492F6D231EEBE500BE828E /* Manager.swift in Sources */ = {isa = PBXBuildFile; fileRef = 86492F6C231EEBE500BE828E /* Manager.swift */; };
		86492F73231F192B00BE828E /* GameCell.swift in Sources */ = {isa = PBXBuildFile; fileRef = 86492F72231F192B00BE828E /* GameCell.swift */; };
		86492F75231F1E7500BE828E /* PuzzleBoard.swift in Sources */ = {isa = PBXBuildFile; fileRef = 86492F74231F1E7500BE828E /* PuzzleBoard.swift */; };
		869F3A6A23303F480080D14D /* GameBoard.swift in Sources */ = {isa = PBXBuildFile; fileRef = 869F3A6923303F480080D14D /* GameBoard.swift */; };
		86E41CE8233FB9280030A436 /* WrongAnswersButton.swift in Sources */ = {isa = PBXBuildFile; fileRef = 86E41CE7233FB9280030A436 /* WrongAnswersButton.swift */; };
		86E41CED233FBAF20030A436 /* HintBar.swift in Sources */ = {isa = PBXBuildFile; fileRef = 86E41CEC233FBAF20030A436 /* HintBar.swift */; };
/* End PBXBuildFile section */

/* Begin PBXFileReference section */
		54C80A502308365700C136CA /* PuzzleLoader.swift */ = {isa = PBXFileReference; fileEncoding = 4; lastKnownFileType = sourcecode.swift; path = PuzzleLoader.swift; sourceTree = "<group>"; };
		54C80A512308365700C136CA /* puzzle1.json */ = {isa = PBXFileReference; fileEncoding = 4; lastKnownFileType = text.json; path = puzzle1.json; sourceTree = "<group>"; };
		54C80A542308366D00C136CA /* KakuroPuzzleData.swift */ = {isa = PBXFileReference; fileEncoding = 4; lastKnownFileType = sourcecode.swift; path = KakuroPuzzleData.swift; sourceTree = "<group>"; };
		54C80A56230C268B00C136CA /* KakuroPuzzle.swift */ = {isa = PBXFileReference; lastKnownFileType = sourcecode.swift; path = KakuroPuzzle.swift; sourceTree = "<group>"; };
		634D358E230C7A5800565DC3 /* InputSquare.swift */ = {isa = PBXFileReference; lastKnownFileType = sourcecode.swift; path = InputSquare.swift; sourceTree = "<group>"; };
		6353EE68230C4C3600E12F05 /* ClueEdge.swift */ = {isa = PBXFileReference; lastKnownFileType = sourcecode.swift; path = ClueEdge.swift; sourceTree = "<group>"; };
		63995591230B832E0046809C /* EmptyEdge.swift */ = {isa = PBXFileReference; lastKnownFileType = sourcecode.swift; path = EmptyEdge.swift; sourceTree = "<group>"; };
		63E65BB12307435B00B69E6D /* Kakuro.app */ = {isa = PBXFileReference; explicitFileType = wrapper.application; includeInIndex = 0; path = Kakuro.app; sourceTree = BUILT_PRODUCTS_DIR; };
		63E65BB42307435B00B69E6D /* AppDelegate.swift */ = {isa = PBXFileReference; lastKnownFileType = sourcecode.swift; path = AppDelegate.swift; sourceTree = "<group>"; };
		63E65BB62307435B00B69E6D /* SceneDelegate.swift */ = {isa = PBXFileReference; lastKnownFileType = sourcecode.swift; path = SceneDelegate.swift; sourceTree = "<group>"; };
		63E65BB82307435B00B69E6D /* ContentView.swift */ = {isa = PBXFileReference; lastKnownFileType = sourcecode.swift; path = ContentView.swift; sourceTree = "<group>"; };
		63E65BBA2307435C00B69E6D /* Assets.xcassets */ = {isa = PBXFileReference; lastKnownFileType = folder.assetcatalog; path = Assets.xcassets; sourceTree = "<group>"; };
		63E65BBD2307435C00B69E6D /* Preview Assets.xcassets */ = {isa = PBXFileReference; lastKnownFileType = folder.assetcatalog; path = "Preview Assets.xcassets"; sourceTree = "<group>"; };
		63E65BC02307435C00B69E6D /* Base */ = {isa = PBXFileReference; lastKnownFileType = file.storyboard; name = Base; path = Base.lproj/LaunchScreen.storyboard; sourceTree = "<group>"; };
		63E65BC22307435C00B69E6D /* Info.plist */ = {isa = PBXFileReference; lastKnownFileType = text.plist.xml; path = Info.plist; sourceTree = "<group>"; };
		8607BB71238B7AE400CFEE9A /* GamecellStore.swift */ = {isa = PBXFileReference; lastKnownFileType = sourcecode.swift; path = GamecellStore.swift; sourceTree = "<group>"; };
		8607BB73238B7E6000CFEE9A /* GamecellType.swift */ = {isa = PBXFileReference; lastKnownFileType = sourcecode.swift; path = GamecellType.swift; sourceTree = "<group>"; };
		8626F7A42327F68200A2F039 /* NumberInput.swift */ = {isa = PBXFileReference; lastKnownFileType = sourcecode.swift; path = NumberInput.swift; sourceTree = "<group>"; };
		8626F7A62327F6D300A2F039 /* NumberInputBar.swift */ = {isa = PBXFileReference; lastKnownFileType = sourcecode.swift; path = NumberInputBar.swift; sourceTree = "<group>"; };
		86492F6C231EEBE500BE828E /* Manager.swift */ = {isa = PBXFileReference; lastKnownFileType = sourcecode.swift; path = Manager.swift; sourceTree = "<group>"; };
		86492F72231F192B00BE828E /* GameCell.swift */ = {isa = PBXFileReference; lastKnownFileType = sourcecode.swift; path = GameCell.swift; sourceTree = "<group>"; };
		86492F74231F1E7500BE828E /* PuzzleBoard.swift */ = {isa = PBXFileReference; lastKnownFileType = sourcecode.swift; path = PuzzleBoard.swift; sourceTree = "<group>"; };
		869F3A6923303F480080D14D /* GameBoard.swift */ = {isa = PBXFileReference; lastKnownFileType = sourcecode.swift; path = GameBoard.swift; sourceTree = "<group>"; };
		86E41CE7233FB9280030A436 /* WrongAnswersButton.swift */ = {isa = PBXFileReference; lastKnownFileType = sourcecode.swift; path = WrongAnswersButton.swift; sourceTree = "<group>"; };
		86E41CEC233FBAF20030A436 /* HintBar.swift */ = {isa = PBXFileReference; lastKnownFileType = sourcecode.swift; path = HintBar.swift; sourceTree = "<group>"; };
/* End PBXFileReference section */

/* Begin PBXFrameworksBuildPhase section */
		63E65BAE2307435B00B69E6D /* Frameworks */ = {
			isa = PBXFrameworksBuildPhase;
			buildActionMask = 2147483647;
			files = (
			);
			runOnlyForDeploymentPostprocessing = 0;
		};
/* End PBXFrameworksBuildPhase section */

/* Begin PBXGroup section */
		54C80A4E2308363100C136CA /* Data */ = {
			isa = PBXGroup;
			children = (
				54C80A512308365700C136CA /* puzzle1.json */,
				54C80A502308365700C136CA /* PuzzleLoader.swift */,
			);
			path = Data;
			sourceTree = "<group>";
		};
		54C80A4F2308363800C136CA /* Models */ = {
			isa = PBXGroup;
			children = (
				54C80A542308366D00C136CA /* KakuroPuzzleData.swift */,
				54C80A56230C268B00C136CA /* KakuroPuzzle.swift */,
			);
			path = Models;
			sourceTree = "<group>";
		};
		63995590230B83050046809C /* Gameboard */ = {
			isa = PBXGroup;
			children = (
				86E41CEB233FB94B0030A436 /* Cells */,
				86E41CEA233FB9420030A436 /* Inputs */,
				86E41CE9233FB92D0030A436 /* Hints */,
				86492F74231F1E7500BE828E /* PuzzleBoard.swift */,
				869F3A6923303F480080D14D /* GameBoard.swift */,
			);
			path = Gameboard;
			sourceTree = "<group>";
		};
		63E65BA82307435B00B69E6D = {
			isa = PBXGroup;
			children = (
				63E65BB32307435B00B69E6D /* Kakuro */,
				63E65BB22307435B00B69E6D /* Products */,
			);
			sourceTree = "<group>";
		};
		63E65BB22307435B00B69E6D /* Products */ = {
			isa = PBXGroup;
			children = (
				63E65BB12307435B00B69E6D /* Kakuro.app */,
			);
			name = Products;
			sourceTree = "<group>";
		};
		63E65BB32307435B00B69E6D /* Kakuro */ = {
			isa = PBXGroup;
			children = (
				86492F6B231EEBCE00BE828E /* Shared */,
				63995590230B83050046809C /* Gameboard */,
				54C80A4F2308363800C136CA /* Models */,
				54C80A4E2308363100C136CA /* Data */,
				63E65BB42307435B00B69E6D /* AppDelegate.swift */,
				63E65BB62307435B00B69E6D /* SceneDelegate.swift */,
				63E65BB82307435B00B69E6D /* ContentView.swift */,
				63E65BBA2307435C00B69E6D /* Assets.xcassets */,
				63E65BBF2307435C00B69E6D /* LaunchScreen.storyboard */,
				63E65BC22307435C00B69E6D /* Info.plist */,
				63E65BBC2307435C00B69E6D /* Preview Content */,
			);
			path = Kakuro;
			sourceTree = "<group>";
		};
		63E65BBC2307435C00B69E6D /* Preview Content */ = {
			isa = PBXGroup;
			children = (
				63E65BBD2307435C00B69E6D /* Preview Assets.xcassets */,
			);
			path = "Preview Content";
			sourceTree = "<group>";
		};
		86492F6B231EEBCE00BE828E /* Shared */ = {
			isa = PBXGroup;
			children = (
				86492F6C231EEBE500BE828E /* Manager.swift */,
				8607BB71238B7AE400CFEE9A /* GamecellStore.swift */,
			);
			path = Shared;
			sourceTree = "<group>";
		};
		86E41CE9233FB92D0030A436 /* Hints */ = {
			isa = PBXGroup;
			children = (
				86E41CE7233FB9280030A436 /* WrongAnswersButton.swift */,
				86E41CEC233FBAF20030A436 /* HintBar.swift */,
			);
			path = Hints;
			sourceTree = "<group>";
		};
		86E41CEA233FB9420030A436 /* Inputs */ = {
			isa = PBXGroup;
			children = (
				8626F7A42327F68200A2F039 /* NumberInput.swift */,
				8626F7A62327F6D300A2F039 /* NumberInputBar.swift */,
			);
			path = Inputs;
			sourceTree = "<group>";
		};
		86E41CEB233FB94B0030A436 /* Cells */ = {
			isa = PBXGroup;
			children = (
				63995591230B832E0046809C /* EmptyEdge.swift */,
				6353EE68230C4C3600E12F05 /* ClueEdge.swift */,
				634D358E230C7A5800565DC3 /* InputSquare.swift */,
				86492F72231F192B00BE828E /* GameCell.swift */,
				8607BB73238B7E6000CFEE9A /* GamecellType.swift */,
			);
			path = Cells;
			sourceTree = "<group>";
		};
/* End PBXGroup section */

/* Begin PBXNativeTarget section */
		63E65BB02307435B00B69E6D /* Kakuro */ = {
			isa = PBXNativeTarget;
			buildConfigurationList = 63E65BC52307435C00B69E6D /* Build configuration list for PBXNativeTarget "Kakuro" */;
			buildPhases = (
				63E65BAD2307435B00B69E6D /* Sources */,
				63E65BAE2307435B00B69E6D /* Frameworks */,
				63E65BAF2307435B00B69E6D /* Resources */,
			);
			buildRules = (
			);
			dependencies = (
			);
			name = Kakuro;
			productName = Kakuro;
			productReference = 63E65BB12307435B00B69E6D /* Kakuro.app */;
			productType = "com.apple.product-type.application";
		};
/* End PBXNativeTarget section */

/* Begin PBXProject section */
		63E65BA92307435B00B69E6D /* Project object */ = {
			isa = PBXProject;
			attributes = {
				LastSwiftUpdateCheck = 1100;
				LastUpgradeCheck = 1100;
				ORGANIZATIONNAME = PPC;
				TargetAttributes = {
					63E65BB02307435B00B69E6D = {
						CreatedOnToolsVersion = 11.0;
					};
				};
			};
			buildConfigurationList = 63E65BAC2307435B00B69E6D /* Build configuration list for PBXProject "Kakuro" */;
			compatibilityVersion = "Xcode 9.3";
			developmentRegion = en;
			hasScannedForEncodings = 0;
			knownRegions = (
				en,
				Base,
			);
			mainGroup = 63E65BA82307435B00B69E6D;
			productRefGroup = 63E65BB22307435B00B69E6D /* Products */;
			projectDirPath = "";
			projectRoot = "";
			targets = (
				63E65BB02307435B00B69E6D /* Kakuro */,
			);
		};
/* End PBXProject section */

/* Begin PBXResourcesBuildPhase section */
		63E65BAF2307435B00B69E6D /* Resources */ = {
			isa = PBXResourcesBuildPhase;
			buildActionMask = 2147483647;
			files = (
				63E65BC12307435C00B69E6D /* LaunchScreen.storyboard in Resources */,
				63E65BBE2307435C00B69E6D /* Preview Assets.xcassets in Resources */,
				63E65BBB2307435C00B69E6D /* Assets.xcassets in Resources */,
				54C80A532308365700C136CA /* puzzle1.json in Resources */,
			);
			runOnlyForDeploymentPostprocessing = 0;
		};
/* End PBXResourcesBuildPhase section */

/* Begin PBXSourcesBuildPhase section */
		63E65BAD2307435B00B69E6D /* Sources */ = {
			isa = PBXSourcesBuildPhase;
			buildActionMask = 2147483647;
			files = (
				8607BB74238B7E6000CFEE9A /* GamecellType.swift in Sources */,
				86492F75231F1E7500BE828E /* PuzzleBoard.swift in Sources */,
				63995592230B832E0046809C /* EmptyEdge.swift in Sources */,
				63E65BB52307435B00B69E6D /* AppDelegate.swift in Sources */,
				6353EE69230C4C3600E12F05 /* ClueEdge.swift in Sources */,
				86492F73231F192B00BE828E /* GameCell.swift in Sources */,
				54C80A57230C268B00C136CA /* KakuroPuzzle.swift in Sources */,
				634D358F230C7A5800565DC3 /* InputSquare.swift in Sources */,
				86E41CED233FBAF20030A436 /* HintBar.swift in Sources */,
				869F3A6A23303F480080D14D /* GameBoard.swift in Sources */,
				63E65BB72307435B00B69E6D /* SceneDelegate.swift in Sources */,
				8626F7A52327F68200A2F039 /* NumberInput.swift in Sources */,
				8626F7A72327F6D300A2F039 /* NumberInputBar.swift in Sources */,
				54C80A522308365700C136CA /* PuzzleLoader.swift in Sources */,
				8607BB72238B7AE400CFEE9A /* GamecellStore.swift in Sources */,
				63E65BB92307435B00B69E6D /* ContentView.swift in Sources */,
				54C80A552308366D00C136CA /* KakuroPuzzleData.swift in Sources */,
				86492F6D231EEBE500BE828E /* Manager.swift in Sources */,
				86E41CE8233FB9280030A436 /* WrongAnswersButton.swift in Sources */,
			);
			runOnlyForDeploymentPostprocessing = 0;
		};
/* End PBXSourcesBuildPhase section */

/* Begin PBXVariantGroup section */
		63E65BBF2307435C00B69E6D /* LaunchScreen.storyboard */ = {
			isa = PBXVariantGroup;
			children = (
				63E65BC02307435C00B69E6D /* Base */,
			);
			name = LaunchScreen.storyboard;
			sourceTree = "<group>";
		};
/* End PBXVariantGroup section */

/* Begin XCBuildConfiguration section */
		63E65BC32307435C00B69E6D /* Debug */ = {
			isa = XCBuildConfiguration;
			buildSettings = {
				ALWAYS_SEARCH_USER_PATHS = NO;
				CLANG_ANALYZER_NONNULL = YES;
				CLANG_ANALYZER_NUMBER_OBJECT_CONVERSION = YES_AGGRESSIVE;
				CLANG_CXX_LANGUAGE_STANDARD = "gnu++14";
				CLANG_CXX_LIBRARY = "libc++";
				CLANG_ENABLE_MODULES = YES;
				CLANG_ENABLE_OBJC_ARC = YES;
				CLANG_ENABLE_OBJC_WEAK = YES;
				CLANG_WARN_BLOCK_CAPTURE_AUTORELEASING = YES;
				CLANG_WARN_BOOL_CONVERSION = YES;
				CLANG_WARN_COMMA = YES;
				CLANG_WARN_CONSTANT_CONVERSION = YES;
				CLANG_WARN_DEPRECATED_OBJC_IMPLEMENTATIONS = YES;
				CLANG_WARN_DIRECT_OBJC_ISA_USAGE = YES_ERROR;
				CLANG_WARN_DOCUMENTATION_COMMENTS = YES;
				CLANG_WARN_EMPTY_BODY = YES;
				CLANG_WARN_ENUM_CONVERSION = YES;
				CLANG_WARN_INFINITE_RECURSION = YES;
				CLANG_WARN_INT_CONVERSION = YES;
				CLANG_WARN_NON_LITERAL_NULL_CONVERSION = YES;
				CLANG_WARN_OBJC_IMPLICIT_RETAIN_SELF = YES;
				CLANG_WARN_OBJC_LITERAL_CONVERSION = YES;
				CLANG_WARN_OBJC_ROOT_CLASS = YES_ERROR;
				CLANG_WARN_RANGE_LOOP_ANALYSIS = YES;
				CLANG_WARN_STRICT_PROTOTYPES = YES;
				CLANG_WARN_SUSPICIOUS_MOVE = YES;
				CLANG_WARN_UNGUARDED_AVAILABILITY = YES_AGGRESSIVE;
				CLANG_WARN_UNREACHABLE_CODE = YES;
				CLANG_WARN__DUPLICATE_METHOD_MATCH = YES;
				COPY_PHASE_STRIP = NO;
				DEBUG_INFORMATION_FORMAT = dwarf;
				ENABLE_STRICT_OBJC_MSGSEND = YES;
				ENABLE_TESTABILITY = YES;
				GCC_C_LANGUAGE_STANDARD = gnu11;
				GCC_DYNAMIC_NO_PIC = NO;
				GCC_NO_COMMON_BLOCKS = YES;
				GCC_OPTIMIZATION_LEVEL = 0;
				GCC_PREPROCESSOR_DEFINITIONS = (
					"DEBUG=1",
					"$(inherited)",
				);
				GCC_WARN_64_TO_32_BIT_CONVERSION = YES;
				GCC_WARN_ABOUT_RETURN_TYPE = YES_ERROR;
				GCC_WARN_UNDECLARED_SELECTOR = YES;
				GCC_WARN_UNINITIALIZED_AUTOS = YES_AGGRESSIVE;
				GCC_WARN_UNUSED_FUNCTION = YES;
				GCC_WARN_UNUSED_VARIABLE = YES;
				IPHONEOS_DEPLOYMENT_TARGET = 13.0;
				MTL_ENABLE_DEBUG_INFO = INCLUDE_SOURCE;
				MTL_FAST_MATH = YES;
				ONLY_ACTIVE_ARCH = YES;
				SDKROOT = iphoneos;
				SWIFT_ACTIVE_COMPILATION_CONDITIONS = DEBUG;
				SWIFT_OPTIMIZATION_LEVEL = "-Onone";
			};
			name = Debug;
		};
		63E65BC42307435C00B69E6D /* Release */ = {
			isa = XCBuildConfiguration;
			buildSettings = {
				ALWAYS_SEARCH_USER_PATHS = NO;
				CLANG_ANALYZER_NONNULL = YES;
				CLANG_ANALYZER_NUMBER_OBJECT_CONVERSION = YES_AGGRESSIVE;
				CLANG_CXX_LANGUAGE_STANDARD = "gnu++14";
				CLANG_CXX_LIBRARY = "libc++";
				CLANG_ENABLE_MODULES = YES;
				CLANG_ENABLE_OBJC_ARC = YES;
				CLANG_ENABLE_OBJC_WEAK = YES;
				CLANG_WARN_BLOCK_CAPTURE_AUTORELEASING = YES;
				CLANG_WARN_BOOL_CONVERSION = YES;
				CLANG_WARN_COMMA = YES;
				CLANG_WARN_CONSTANT_CONVERSION = YES;
				CLANG_WARN_DEPRECATED_OBJC_IMPLEMENTATIONS = YES;
				CLANG_WARN_DIRECT_OBJC_ISA_USAGE = YES_ERROR;
				CLANG_WARN_DOCUMENTATION_COMMENTS = YES;
				CLANG_WARN_EMPTY_BODY = YES;
				CLANG_WARN_ENUM_CONVERSION = YES;
				CLANG_WARN_INFINITE_RECURSION = YES;
				CLANG_WARN_INT_CONVERSION = YES;
				CLANG_WARN_NON_LITERAL_NULL_CONVERSION = YES;
				CLANG_WARN_OBJC_IMPLICIT_RETAIN_SELF = YES;
				CLANG_WARN_OBJC_LITERAL_CONVERSION = YES;
				CLANG_WARN_OBJC_ROOT_CLASS = YES_ERROR;
				CLANG_WARN_RANGE_LOOP_ANALYSIS = YES;
				CLANG_WARN_STRICT_PROTOTYPES = YES;
				CLANG_WARN_SUSPICIOUS_MOVE = YES;
				CLANG_WARN_UNGUARDED_AVAILABILITY = YES_AGGRESSIVE;
				CLANG_WARN_UNREACHABLE_CODE = YES;
				CLANG_WARN__DUPLICATE_METHOD_MATCH = YES;
				COPY_PHASE_STRIP = NO;
				DEBUG_INFORMATION_FORMAT = "dwarf-with-dsym";
				ENABLE_NS_ASSERTIONS = NO;
				ENABLE_STRICT_OBJC_MSGSEND = YES;
				GCC_C_LANGUAGE_STANDARD = gnu11;
				GCC_NO_COMMON_BLOCKS = YES;
				GCC_WARN_64_TO_32_BIT_CONVERSION = YES;
				GCC_WARN_ABOUT_RETURN_TYPE = YES_ERROR;
				GCC_WARN_UNDECLARED_SELECTOR = YES;
				GCC_WARN_UNINITIALIZED_AUTOS = YES_AGGRESSIVE;
				GCC_WARN_UNUSED_FUNCTION = YES;
				GCC_WARN_UNUSED_VARIABLE = YES;
				IPHONEOS_DEPLOYMENT_TARGET = 13.0;
				MTL_ENABLE_DEBUG_INFO = NO;
				MTL_FAST_MATH = YES;
				SDKROOT = iphoneos;
				SWIFT_COMPILATION_MODE = wholemodule;
				SWIFT_OPTIMIZATION_LEVEL = "-O";
				VALIDATE_PRODUCT = YES;
			};
			name = Release;
		};
		63E65BC62307435C00B69E6D /* Debug */ = {
			isa = XCBuildConfiguration;
			buildSettings = {
				ASSETCATALOG_COMPILER_APPICON_NAME = AppIcon;
				CODE_SIGN_STYLE = Automatic;
				DEVELOPMENT_ASSET_PATHS = "Kakuro/Preview\\ Content";
				DEVELOPMENT_TEAM = YK2CP5USLV;
				ENABLE_PREVIEWS = YES;
				INFOPLIST_FILE = Kakuro/Info.plist;
				LD_RUNPATH_SEARCH_PATHS = (
					"$(inherited)",
					"@executable_path/Frameworks",
				);
				PRODUCT_BUNDLE_IDENTIFIER = com.ppc.Kakuro;
				PRODUCT_NAME = "$(TARGET_NAME)";
				SWIFT_VERSION = 5.0;
				TARGETED_DEVICE_FAMILY = "1,2";
			};
			name = Debug;
		};
		63E65BC72307435C00B69E6D /* Release */ = {
			isa = XCBuildConfiguration;
			buildSettings = {
				ASSETCATALOG_COMPILER_APPICON_NAME = AppIcon;
				CODE_SIGN_STYLE = Automatic;
				DEVELOPMENT_ASSET_PATHS = "Kakuro/Preview\\ Content";
				DEVELOPMENT_TEAM = YK2CP5USLV;
				ENABLE_PREVIEWS = YES;
				INFOPLIST_FILE = Kakuro/Info.plist;
				LD_RUNPATH_SEARCH_PATHS = (
					"$(inherited)",
					"@executable_path/Frameworks",
				);
				PRODUCT_BUNDLE_IDENTIFIER = com.ppc.Kakuro;
				PRODUCT_NAME = "$(TARGET_NAME)";
				SWIFT_VERSION = 5.0;
				TARGETED_DEVICE_FAMILY = "1,2";
			};
			name = Release;
		};
/* End XCBuildConfiguration section */

/* Begin XCConfigurationList section */
		63E65BAC2307435B00B69E6D /* Build configuration list for PBXProject "Kakuro" */ = {
			isa = XCConfigurationList;
			buildConfigurations = (
				63E65BC32307435C00B69E6D /* Debug */,
				63E65BC42307435C00B69E6D /* Release */,
			);
			defaultConfigurationIsVisible = 0;
			defaultConfigurationName = Release;
		};
		63E65BC52307435C00B69E6D /* Build configuration list for PBXNativeTarget "Kakuro" */ = {
			isa = XCConfigurationList;
			buildConfigurations = (
				63E65BC62307435C00B69E6D /* Debug */,
				63E65BC72307435C00B69E6D /* Release */,
			);
			defaultConfigurationIsVisible = 0;
			defaultConfigurationName = Release;
		};
/* End XCConfigurationList section */
	};
	rootObject = 63E65BA92307435B00B69E6D /* Project object */;
}
